
Microsoft Visual Studio Solution File, Format Version 12.00
# Visual Studio Version 16
VisualStudioVersion = 16.0.30114.105
MinimumVisualStudioVersion = 10.0.40219.1
Project("{FAE04EC0-301F-11D3-BF4B-00C04F79EFBC}") = "AXA.FOT.Application", "AXA.FOT.Application\AXA.FOT.Application.csproj", "{E430CD9F-D6CF-4BE2-B361-FB2511CF0DF9}"
EndProject
Project("{FAE04EC0-301F-11D3-BF4B-00C04F79EFBC}") = "AXA.FOT.MODULE.Offer", "AXA.FOT.MODULE.Offer\AXA.FOT.MODULE.Offer.csproj", "{A35E47E9-30D2-4F3D-8C54-947DD5684AC9}"
EndProject
Project("{FAE04EC0-301F-11D3-BF4B-00C04F79EFBC}") = "AXA.FOT.CORE", "AXA.FOT.CORE\AXA.FOT.CORE.csproj", "{4C799B5F-AA8A-4477-82F0-B6C05C584695}"
EndProject
Project("{2150E333-8FDC-42A3-9474-1A3956D46DE8}") = "Modules", "Modules", "{064AD10A-964A-4CAD-8704-84A79A6568D7}"
EndProject
Project("{FAE04EC0-301F-11D3-BF4B-00C04F79EFBC}") = "AXA.FOT.MODULE.Poseidon", "AXA.FOT.MODULE.Poseidon\AXA.FOT.MODULE.Poseidon.csproj", "{B9EED2F6-2048-4CD3-BFD0-D0B2C93F61FD}"
EndProject
Project("{2150E333-8FDC-42A3-9474-1A3956D46DE8}") = "Application", "Application", "{02661C3B-6BDD-48E4-BFD4-6791DE197265}"
EndProject
Project("{2150E333-8FDC-42A3-9474-1A3956D46DE8}") = "Core", "Core", "{76C9AD55-F3E1-49AB-B1C7-FB7DA8257661}"
EndProject
Project("{2150E333-8FDC-42A3-9474-1A3956D46DE8}") = "DAL", "DAL", "{A6CF1A54-9F9B-4EBF-85CD-3BABF604F7C0}"
EndProject
Project("{FAE04EC0-301F-11D3-BF4B-00C04F79EFBC}") = "AXA.FOT.DAL", "AXA.FOT.DAL\AXA.FOT.DAL.csproj", "{86515426-8F0E-4E02-86B8-DD04F0F574E7}"
EndProject
Project("{2150E333-8FDC-42A3-9474-1A3956D46DE8}") = "Domain", "Domain", "{FE7358DD-8153-4DE1-AE12-A0D377762524}"
EndProject
Project("{FAE04EC0-301F-11D3-BF4B-00C04F79EFBC}") = "AXA.FOT.DOMAIN", "AXA.FOT.DOMAIN\AXA.FOT.DOMAIN.csproj", "{31BC94FA-D387-481B-AE36-229E6830B32F}"
EndProject
Global
	GlobalSection(SolutionConfigurationPlatforms) = preSolution
		Debug|Any CPU = Debug|Any CPU
		Release|Any CPU = Release|Any CPU
	EndGlobalSection
	GlobalSection(ProjectConfigurationPlatforms) = postSolution
		{E430CD9F-D6CF-4BE2-B361-FB2511CF0DF9}.Debug|Any CPU.ActiveCfg = Debug|Any CPU
		{E430CD9F-D6CF-4BE2-B361-FB2511CF0DF9}.Debug|Any CPU.Build.0 = Debug|Any CPU
		{E430CD9F-D6CF-4BE2-B361-FB2511CF0DF9}.Release|Any CPU.ActiveCfg = Release|Any CPU
		{E430CD9F-D6CF-4BE2-B361-FB2511CF0DF9}.Release|Any CPU.Build.0 = Release|Any CPU
		{A35E47E9-30D2-4F3D-8C54-947DD5684AC9}.Debug|Any CPU.ActiveCfg = Debug|Any CPU
		{A35E47E9-30D2-4F3D-8C54-947DD5684AC9}.Debug|Any CPU.Build.0 = Debug|Any CPU
		{A35E47E9-30D2-4F3D-8C54-947DD5684AC9}.Release|Any CPU.ActiveCfg = Release|Any CPU
		{A35E47E9-30D2-4F3D-8C54-947DD5684AC9}.Release|Any CPU.Build.0 = Release|Any CPU
		{4C799B5F-AA8A-4477-82F0-B6C05C584695}.Debug|Any CPU.ActiveCfg = Debug|Any CPU
		{4C799B5F-AA8A-4477-82F0-B6C05C584695}.Debug|Any CPU.Build.0 = Debug|Any CPU
		{4C799B5F-AA8A-4477-82F0-B6C05C584695}.Release|Any CPU.ActiveCfg = Release|Any CPU
		{4C799B5F-AA8A-4477-82F0-B6C05C584695}.Release|Any CPU.Build.0 = Release|Any CPU
		{B9EED2F6-2048-4CD3-BFD0-D0B2C93F61FD}.Debug|Any CPU.ActiveCfg = Debug|Any CPU
		{B9EED2F6-2048-4CD3-BFD0-D0B2C93F61FD}.Debug|Any CPU.Build.0 = Debug|Any CPU
		{B9EED2F6-2048-4CD3-BFD0-D0B2C93F61FD}.Release|Any CPU.ActiveCfg = Release|Any CPU
		{B9EED2F6-2048-4CD3-BFD0-D0B2C93F61FD}.Release|Any CPU.Build.0 = Release|Any CPU
		{86515426-8F0E-4E02-86B8-DD04F0F574E7}.Debug|Any CPU.ActiveCfg = Debug|Any CPU
		{86515426-8F0E-4E02-86B8-DD04F0F574E7}.Debug|Any CPU.Build.0 = Debug|Any CPU
		{86515426-8F0E-4E02-86B8-DD04F0F574E7}.Release|Any CPU.ActiveCfg = Release|Any CPU
		{86515426-8F0E-4E02-86B8-DD04F0F574E7}.Release|Any CPU.Build.0 = Release|Any CPU
		{31BC94FA-D387-481B-AE36-229E6830B32F}.Debug|Any CPU.ActiveCfg = Debug|Any CPU
		{31BC94FA-D387-481B-AE36-229E6830B32F}.Debug|Any CPU.Build.0 = Debug|Any CPU
		{31BC94FA-D387-481B-AE36-229E6830B32F}.Release|Any CPU.ActiveCfg = Release|Any CPU
		{31BC94FA-D387-481B-AE36-229E6830B32F}.Release|Any CPU.Build.0 = Release|Any CPU
	EndGlobalSection
	GlobalSection(SolutionProperties) = preSolution
		HideSolutionNode = FALSE
	EndGlobalSection
	GlobalSection(NestedProjects) = preSolution
		{E430CD9F-D6CF-4BE2-B361-FB2511CF0DF9} = {02661C3B-6BDD-48E4-BFD4-6791DE197265}
		{A35E47E9-30D2-4F3D-8C54-947DD5684AC9} = {064AD10A-964A-4CAD-8704-84A79A6568D7}
		{4C799B5F-AA8A-4477-82F0-B6C05C584695} = {76C9AD55-F3E1-49AB-B1C7-FB7DA8257661}
		{B9EED2F6-2048-4CD3-BFD0-D0B2C93F61FD} = {064AD10A-964A-4CAD-8704-84A79A6568D7}
		{86515426-8F0E-4E02-86B8-DD04F0F574E7} = {A6CF1A54-9F9B-4EBF-85CD-3BABF604F7C0}
		{31BC94FA-D387-481B-AE36-229E6830B32F} = {FE7358DD-8153-4DE1-AE12-A0D377762524}
	EndGlobalSection
	GlobalSection(ExtensibilityGlobals) = postSolution
		SolutionGuid = {33656BB5-291E-4752-9A8D-2F0E7E0E2A80}
	EndGlobalSection
EndGlobal
